
Microsoft Visual Studio Solution File, Format Version 12.00
# Visual Studio Version 16
VisualStudioVersion = 16.0.29920.165
MinimumVisualStudioVersion = 10.0.40219.1
Project("{FAE04EC0-301F-11D3-BF4B-00C04F79EFBC}") = "ringo", "ringo\ringo.csproj", "{99943AF1-C92E-4A8B-8C47-D4B8FE39A64E}"
EndProject
Global
	GlobalSection(SolutionConfigurationPlatforms) = preSolution
		Debug|Any CPU = Debug|Any CPU
		Release|Any CPU = Release|Any CPU
	EndGlobalSection
	GlobalSection(ProjectConfigurationPlatforms) = postSolution
		{99943AF1-C92E-4A8B-8C47-D4B8FE39A64E}.Debug|Any CPU.ActiveCfg = Debug|Any CPU
		{99943AF1-C92E-4A8B-8C47-D4B8FE39A64E}.Debug|Any CPU.Build.0 = Debug|Any CPU
		{99943AF1-C92E-4A8B-8C47-D4B8FE39A64E}.Release|Any CPU.ActiveCfg = Release|Any CPU
		{99943AF1-C92E-4A8B-8C47-D4B8FE39A64E}.Release|Any CPU.Build.0 = Release|Any CPU
	EndGlobalSection
	GlobalSection(SolutionProperties) = preSolution
		HideSolutionNode = FALSE
	EndGlobalSection
	GlobalSection(ExtensibilityGlobals) = postSolution
		SolutionGuid = {2DEC2F9A-7D88-44B3-865D-1A80C8B55F09}
	EndGlobalSection
EndGlobal
